
Microsoft Visual Studio Solution File, Format Version 12.00
# Visual Studio Version 17
VisualStudioVersion = 17.14.36414.22
MinimumVisualStudioVersion = 10.0.40219.1
Project("{2150E333-8FDC-42A3-9474-1A3956D46DE8}") = "Task 0", "Task 0", "{02EA681E-C7D8-13C7-8484-4AC65E1B71E8}"
EndProject
Project("{FAE04EC0-301F-11D3-BF4B-00C04F79EFBC}") = "Tyuiu.PankovaAA.Sprint6.Task0.V2.Lib", "Tyuiu.PankovaAA.Sprint6.Task0.V2.Lib\Tyuiu.PankovaAA.Sprint6.Task0.V2.Lib.csproj", "{26F56FAD-EC08-4E94-87AA-8EFACFD4C702}"
EndProject
Project("{FAE04EC0-301F-11D3-BF4B-00C04F79EFBC}") = "Tyuiu.PankovaAA.Sprint6.Task0.V2.Test", "Tyuiu.PankovaAA.Sprint6.Task0.V2.Test\Tyuiu.PankovaAA.Sprint6.Task0.V2.Test.csproj", "{37F48FD3-3A73-4DBB-B262-E6DA72C28A16}"
EndProject
Project("{FAE04EC0-301F-11D3-BF4B-00C04F79EFBC}") = "Tyuiu.PankovaAA.Sprint6.Task0.V2", "Tyuiu.PankovaAA.Sprint6.Task0.V2\Tyuiu.PankovaAA.Sprint6.Task0.V2.csproj", "{FF668D3A-CCAB-4885-AB3B-99FB91AD9E0F}"
EndProject
Project("{2150E333-8FDC-42A3-9474-1A3956D46DE8}") = "Task 1", "Task 1", "{3EE5F21D-6D1E-43A9-804F-E7BDD3A78CA5}"
EndProject
Project("{FAE04EC0-301F-11D3-BF4B-00C04F79EFBC}") = "Tyuiu.PankovaAA.Sprint6.Task1.V13.Lib", "Tyuiu.PankovaAA.Sprint6.Task1.V13.Lib\Tyuiu.PankovaAA.Sprint6.Task1.V13.Lib.csproj", "{14C13F77-3C80-42EA-A074-5BD7C43D8E17}"
EndProject
Project("{FAE04EC0-301F-11D3-BF4B-00C04F79EFBC}") = "Tyuiu.PankovaAA.Sprint6.Task1.V13.Test", "Tyuiu.PankovaAA.Sprint6.Task1.V13.Test\Tyuiu.PankovaAA.Sprint6.Task1.V13.Test.csproj", "{D7EC44C6-72AF-4C70-802F-2B0613D582FE}"
EndProject
Project("{FAE04EC0-301F-11D3-BF4B-00C04F79EFBC}") = "Tyuiu.PankovaAA.Sprint6.Task1.V13", "Tyuiu.PankovaAA.Sprint6.Task1.V13\Tyuiu.PankovaAA.Sprint6.Task1.V13.csproj", "{743832CD-B2A9-46CC-B72F-A7244BA6667F}"
EndProject
Project("{2150E333-8FDC-42A3-9474-1A3956D46DE8}") = "Task 2", "Task 2", "{7B4FAAA8-5109-42DF-A7B6-EAE057CD1079}"
EndProject
Project("{FAE04EC0-301F-11D3-BF4B-00C04F79EFBC}") = "Tyuiu.PankovaAA.Sprint6.Task2.V18.Test", "Tyuiu.PankovaAA.Sprint6.Task2.V18.Test\Tyuiu.PankovaAA.Sprint6.Task2.V18.Test.csproj", "{CDBA5A5A-B5B2-40A0-A2B5-19CD28C4508D}"
EndProject
Project("{FAE04EC0-301F-11D3-BF4B-00C04F79EFBC}") = "Tyuiu.PankovaAA.Sprint6.Task2.V18.Lib", "Tyuiu.PankovaAA.Sprint6.Task2.V18.Lib\Tyuiu.PankovaAA.Sprint6.Task2.V18.Lib.csproj", "{F1646A5D-8328-4BED-80A8-0B58A1D679CB}"
EndProject
Project("{FAE04EC0-301F-11D3-BF4B-00C04F79EFBC}") = "Tyuiu.PankovaAA.Sprint6.Task2.V18", "Tyuiu.PankovaAA.Sprint6.Task2.V18\Tyuiu.PankovaAA.Sprint6.Task2.V18.csproj", "{71A0BC23-F751-4180-8C0E-2B49636F8C69}"
EndProject
Project("{2150E333-8FDC-42A3-9474-1A3956D46DE8}") = "Task 3", "Task 3", "{F574ACB5-A5AC-49E2-8E01-32D0378127FC}"
EndProject
Project("{FAE04EC0-301F-11D3-BF4B-00C04F79EFBC}") = "Tyuiu.PankovaAA.Sprint6.Task3.V26.Lib", "Tyuiu.PankovaAA.Sprint6.Task3.V26.Lib\Tyuiu.PankovaAA.Sprint6.Task3.V26.Lib.csproj", "{2299A248-17A0-457F-B176-3423843FAE63}"
EndProject
Project("{FAE04EC0-301F-11D3-BF4B-00C04F79EFBC}") = "Tyuiu.PankovaAA.Sprint6.Task3.V26.Test", "Tyuiu.PankovaAA.Sprint6.Task3.V26.Test\Tyuiu.PankovaAA.Sprint6.Task3.V26.Test.csproj", "{75E32C47-9E0F-44B8-B9BC-DD09D23021E4}"
EndProject
Project("{FAE04EC0-301F-11D3-BF4B-00C04F79EFBC}") = "Tyuiu.PankovaAA.Sprint6.Task3.V26", "Tyuiu.PankovaAA.Sprint6.Task3.V26\Tyuiu.PankovaAA.Sprint6.Task3.V26.csproj", "{1082B6B8-CEAE-46F0-939E-8DFC34BD8011}"
EndProject
Project("{2150E333-8FDC-42A3-9474-1A3956D46DE8}") = "Task 4", "Task 4", "{AAF2FF4A-A7FE-44ED-ACDD-8B917754B5BC}"
EndProject
Project("{FAE04EC0-301F-11D3-BF4B-00C04F79EFBC}") = "Tyuiu.PankovaAA.Sprint6.Task4.V15", "Tyuiu.PankovaAA.Sprint6.Task4.V15\Tyuiu.PankovaAA.Sprint6.Task4.V15.csproj", "{6F1CC429-4BA2-4D0A-83C1-CB810CBB387F}"
EndProject
Project("{FAE04EC0-301F-11D3-BF4B-00C04F79EFBC}") = "Tyuiu.PankovaAA.Sprint6.Task4.V15.Lib", "Tyuiu.PankovaAA.Sprint6.Task4.V15.Lib\Tyuiu.PankovaAA.Sprint6.Task4.V15.Lib.csproj", "{883E3B40-12D2-4E8D-A09E-C96B9F711FE7}"
EndProject
Project("{FAE04EC0-301F-11D3-BF4B-00C04F79EFBC}") = "Tyuiu.PankovaAA.Sprint6.Task4.V15.Test", "Tyuiu.PankovaAA.Sprint6.Task4.V15.Test\Tyuiu.PankovaAA.Sprint6.Task4.V15.Test.csproj", "{5585C8A8-E5DA-4981-85F5-E92B1C51EC7B}"
EndProject
Project("{2150E333-8FDC-42A3-9474-1A3956D46DE8}") = "Task 5", "Task 5", "{6F7260A9-FB41-4DF1-8299-E320FA21DCD3}"
EndProject
Project("{FAE04EC0-301F-11D3-BF4B-00C04F79EFBC}") = "Tyuiu.PankovaAA.Sprint6.Task5.V4.Lib", "Tyuiu.PankovaAA.Sprint6.Task5.V4.Lib\Tyuiu.PankovaAA.Sprint6.Task5.V4.Lib.csproj", "{1512C032-0EC6-49FF-B208-4DEA6313BC4A}"
EndProject
Project("{FAE04EC0-301F-11D3-BF4B-00C04F79EFBC}") = "Tyuiu.PankovaAA.Sprint6.Task5.V4", "Tyuiu.PankovaAA.Sprint6.Task5.V4\Tyuiu.PankovaAA.Sprint6.Task5.V4.csproj", "{CB813BC2-A95C-4669-A640-043D70E73434}"
EndProject
Project("{FAE04EC0-301F-11D3-BF4B-00C04F79EFBC}") = "Tyuiu.PankovaAA.Sprint6.Task5.V4.Test", "Tyuiu.PankovaAA.Sprint6.Task5.V4.Test\Tyuiu.PankovaAA.Sprint6.Task5.V4.Test.csproj", "{24820481-254B-4D07-A807-AAE9CE2F88A6}"
EndProject
Project("{2150E333-8FDC-42A3-9474-1A3956D46DE8}") = "Task 6", "Task 6", "{130428B7-2A53-45F3-BF9E-C862E6C6359B}"
EndProject
Project("{FAE04EC0-301F-11D3-BF4B-00C04F79EFBC}") = "Tyuiu.PankovaAA.Sprint6.Task6.V18.Lib", "Tyuiu.PankovaAA.Sprint6.Task6.V18.Lib\Tyuiu.PankovaAA.Sprint6.Task6.V18.Lib.csproj", "{414E5A45-2654-48AD-940D-A2DB505FE695}"
EndProject
Project("{FAE04EC0-301F-11D3-BF4B-00C04F79EFBC}") = "Tyuiu.PankovaAA.Sprint6.Task6.V18.Test", "Tyuiu.PankovaAA.Sprint6.Task6.V18.Test\Tyuiu.PankovaAA.Sprint6.Task6.V18.Test.csproj", "{AB63782C-1174-4399-B31D-CE0D6778BF95}"
EndProject
Project("{FAE04EC0-301F-11D3-BF4B-00C04F79EFBC}") = "Tyuiu.PankovaAA.Sprint6.Task6.V18", "Tyuiu.PankovaAA.Sprint6.Task6.V18\Tyuiu.PankovaAA.Sprint6.Task6.V18.csproj", "{4AC6761A-5F94-41AD-A99E-9DFE3B4D04D6}"
EndProject
Project("{2150E333-8FDC-42A3-9474-1A3956D46DE8}") = "Task 7", "Task 7", "{49801A7C-950E-45E5-9BF2-FDB37DE427E5}"
EndProject
Project("{FAE04EC0-301F-11D3-BF4B-00C04F79EFBC}") = "Tyuiu.PankovaAA.Sprint6.Task7.V11.Lib", "Tyuiu.PankovaAA.Sprint6.Task7.V11.Lib\Tyuiu.PankovaAA.Sprint6.Task7.V11.Lib.csproj", "{E908E5C3-C65F-459E-BCA8-882A230CD160}"
EndProject
Project("{FAE04EC0-301F-11D3-BF4B-00C04F79EFBC}") = "Tyuiu.PankovaAA.Sprint6.Task7.V11.Test", "Tyuiu.PankovaAA.Sprint6.Task7.V11.Test\Tyuiu.PankovaAA.Sprint6.Task7.V11.Test.csproj", "{15EBE425-CE24-4AEA-AEF7-EC8E22CEE188}"
EndProject
Project("{FAE04EC0-301F-11D3-BF4B-00C04F79EFBC}") = "Tyuiu.PankovaAA.Sprint6.Task7.V11", "Tyuiu.PankovaAA.Sprint6.Task7.V11\Tyuiu.PankovaAA.Sprint6.Task7.V11.csproj", "{ECF73AC2-B311-4D44-B767-D53905676AA2}"
EndProject
Global
	GlobalSection(SolutionConfigurationPlatforms) = preSolution
		Debug|Any CPU = Debug|Any CPU
		Release|Any CPU = Release|Any CPU
	EndGlobalSection
	GlobalSection(ProjectConfigurationPlatforms) = postSolution
		{26F56FAD-EC08-4E94-87AA-8EFACFD4C702}.Debug|Any CPU.ActiveCfg = Debug|Any CPU
		{26F56FAD-EC08-4E94-87AA-8EFACFD4C702}.Debug|Any CPU.Build.0 = Debug|Any CPU
		{26F56FAD-EC08-4E94-87AA-8EFACFD4C702}.Release|Any CPU.ActiveCfg = Release|Any CPU
		{26F56FAD-EC08-4E94-87AA-8EFACFD4C702}.Release|Any CPU.Build.0 = Release|Any CPU
		{37F48FD3-3A73-4DBB-B262-E6DA72C28A16}.Debug|Any CPU.ActiveCfg = Debug|Any CPU
		{37F48FD3-3A73-4DBB-B262-E6DA72C28A16}.Debug|Any CPU.Build.0 = Debug|Any CPU
		{37F48FD3-3A73-4DBB-B262-E6DA72C28A16}.Release|Any CPU.ActiveCfg = Release|Any CPU
		{37F48FD3-3A73-4DBB-B262-E6DA72C28A16}.Release|Any CPU.Build.0 = Release|Any CPU
		{FF668D3A-CCAB-4885-AB3B-99FB91AD9E0F}.Debug|Any CPU.ActiveCfg = Debug|Any CPU
		{FF668D3A-CCAB-4885-AB3B-99FB91AD9E0F}.Debug|Any CPU.Build.0 = Debug|Any CPU
		{FF668D3A-CCAB-4885-AB3B-99FB91AD9E0F}.Release|Any CPU.ActiveCfg = Release|Any CPU
		{FF668D3A-CCAB-4885-AB3B-99FB91AD9E0F}.Release|Any CPU.Build.0 = Release|Any CPU
		{14C13F77-3C80-42EA-A074-5BD7C43D8E17}.Debug|Any CPU.ActiveCfg = Debug|Any CPU
		{14C13F77-3C80-42EA-A074-5BD7C43D8E17}.Debug|Any CPU.Build.0 = Debug|Any CPU
		{14C13F77-3C80-42EA-A074-5BD7C43D8E17}.Release|Any CPU.ActiveCfg = Release|Any CPU
		{14C13F77-3C80-42EA-A074-5BD7C43D8E17}.Release|Any CPU.Build.0 = Release|Any CPU
		{D7EC44C6-72AF-4C70-802F-2B0613D582FE}.Debug|Any CPU.ActiveCfg = Debug|Any CPU
		{D7EC44C6-72AF-4C70-802F-2B0613D582FE}.Debug|Any CPU.Build.0 = Debug|Any CPU
		{D7EC44C6-72AF-4C70-802F-2B0613D582FE}.Release|Any CPU.ActiveCfg = Release|Any CPU
		{D7EC44C6-72AF-4C70-802F-2B0613D582FE}.Release|Any CPU.Build.0 = Release|Any CPU
		{743832CD-B2A9-46CC-B72F-A7244BA6667F}.Debug|Any CPU.ActiveCfg = Debug|Any CPU
		{743832CD-B2A9-46CC-B72F-A7244BA6667F}.Debug|Any CPU.Build.0 = Debug|Any CPU
		{743832CD-B2A9-46CC-B72F-A7244BA6667F}.Release|Any CPU.ActiveCfg = Release|Any CPU
		{743832CD-B2A9-46CC-B72F-A7244BA6667F}.Release|Any CPU.Build.0 = Release|Any CPU
		{CDBA5A5A-B5B2-40A0-A2B5-19CD28C4508D}.Debug|Any CPU.ActiveCfg = Debug|Any CPU
		{CDBA5A5A-B5B2-40A0-A2B5-19CD28C4508D}.Debug|Any CPU.Build.0 = Debug|Any CPU
		{CDBA5A5A-B5B2-40A0-A2B5-19CD28C4508D}.Release|Any CPU.ActiveCfg = Release|Any CPU
		{CDBA5A5A-B5B2-40A0-A2B5-19CD28C4508D}.Release|Any CPU.Build.0 = Release|Any CPU
		{F1646A5D-8328-4BED-80A8-0B58A1D679CB}.Debug|Any CPU.ActiveCfg = Debug|Any CPU
		{F1646A5D-8328-4BED-80A8-0B58A1D679CB}.Debug|Any CPU.Build.0 = Debug|Any CPU
		{F1646A5D-8328-4BED-80A8-0B58A1D679CB}.Release|Any CPU.ActiveCfg = Release|Any CPU
		{F1646A5D-8328-4BED-80A8-0B58A1D679CB}.Release|Any CPU.Build.0 = Release|Any CPU
		{71A0BC23-F751-4180-8C0E-2B49636F8C69}.Debug|Any CPU.ActiveCfg = Debug|Any CPU
		{71A0BC23-F751-4180-8C0E-2B49636F8C69}.Debug|Any CPU.Build.0 = Debug|Any CPU
		{71A0BC23-F751-4180-8C0E-2B49636F8C69}.Release|Any CPU.ActiveCfg = Release|Any CPU
		{71A0BC23-F751-4180-8C0E-2B49636F8C69}.Release|Any CPU.Build.0 = Release|Any CPU
		{2299A248-17A0-457F-B176-3423843FAE63}.Debug|Any CPU.ActiveCfg = Debug|Any CPU
		{2299A248-17A0-457F-B176-3423843FAE63}.Debug|Any CPU.Build.0 = Debug|Any CPU
		{2299A248-17A0-457F-B176-3423843FAE63}.Release|Any CPU.ActiveCfg = Release|Any CPU
		{2299A248-17A0-457F-B176-3423843FAE63}.Release|Any CPU.Build.0 = Release|Any CPU
		{75E32C47-9E0F-44B8-B9BC-DD09D23021E4}.Debug|Any CPU.ActiveCfg = Debug|Any CPU
		{75E32C47-9E0F-44B8-B9BC-DD09D23021E4}.Debug|Any CPU.Build.0 = Debug|Any CPU
		{75E32C47-9E0F-44B8-B9BC-DD09D23021E4}.Release|Any CPU.ActiveCfg = Release|Any CPU
		{75E32C47-9E0F-44B8-B9BC-DD09D23021E4}.Release|Any CPU.Build.0 = Release|Any CPU
		{1082B6B8-CEAE-46F0-939E-8DFC34BD8011}.Debug|Any CPU.ActiveCfg = Debug|Any CPU
		{1082B6B8-CEAE-46F0-939E-8DFC34BD8011}.Debug|Any CPU.Build.0 = Debug|Any CPU
		{1082B6B8-CEAE-46F0-939E-8DFC34BD8011}.Release|Any CPU.ActiveCfg = Release|Any CPU
		{1082B6B8-CEAE-46F0-939E-8DFC34BD8011}.Release|Any CPU.Build.0 = Release|Any CPU
		{6F1CC429-4BA2-4D0A-83C1-CB810CBB387F}.Debug|Any CPU.ActiveCfg = Debug|Any CPU
		{6F1CC429-4BA2-4D0A-83C1-CB810CBB387F}.Debug|Any CPU.Build.0 = Debug|Any CPU
		{6F1CC429-4BA2-4D0A-83C1-CB810CBB387F}.Release|Any CPU.ActiveCfg = Release|Any CPU
		{6F1CC429-4BA2-4D0A-83C1-CB810CBB387F}.Release|Any CPU.Build.0 = Release|Any CPU
		{883E3B40-12D2-4E8D-A09E-C96B9F711FE7}.Debug|Any CPU.ActiveCfg = Debug|Any CPU
		{883E3B40-12D2-4E8D-A09E-C96B9F711FE7}.Debug|Any CPU.Build.0 = Debug|Any CPU
		{883E3B40-12D2-4E8D-A09E-C96B9F711FE7}.Release|Any CPU.ActiveCfg = Release|Any CPU
		{883E3B40-12D2-4E8D-A09E-C96B9F711FE7}.Release|Any CPU.Build.0 = Release|Any CPU
		{5585C8A8-E5DA-4981-85F5-E92B1C51EC7B}.Debug|Any CPU.ActiveCfg = Debug|Any CPU
		{5585C8A8-E5DA-4981-85F5-E92B1C51EC7B}.Debug|Any CPU.Build.0 = Debug|Any CPU
		{5585C8A8-E5DA-4981-85F5-E92B1C51EC7B}.Release|Any CPU.ActiveCfg = Release|Any CPU
		{5585C8A8-E5DA-4981-85F5-E92B1C51EC7B}.Release|Any CPU.Build.0 = Release|Any CPU
		{1512C032-0EC6-49FF-B208-4DEA6313BC4A}.Debug|Any CPU.ActiveCfg = Debug|Any CPU
		{1512C032-0EC6-49FF-B208-4DEA6313BC4A}.Debug|Any CPU.Build.0 = Debug|Any CPU
		{1512C032-0EC6-49FF-B208-4DEA6313BC4A}.Release|Any CPU.ActiveCfg = Release|Any CPU
		{1512C032-0EC6-49FF-B208-4DEA6313BC4A}.Release|Any CPU.Build.0 = Release|Any CPU
		{CB813BC2-A95C-4669-A640-043D70E73434}.Debug|Any CPU.ActiveCfg = Debug|Any CPU
		{CB813BC2-A95C-4669-A640-043D70E73434}.Debug|Any CPU.Build.0 = Debug|Any CPU
		{CB813BC2-A95C-4669-A640-043D70E73434}.Release|Any CPU.ActiveCfg = Release|Any CPU
		{CB813BC2-A95C-4669-A640-043D70E73434}.Release|Any CPU.Build.0 = Release|Any CPU
		{24820481-254B-4D07-A807-AAE9CE2F88A6}.Debug|Any CPU.ActiveCfg = Debug|Any CPU
		{24820481-254B-4D07-A807-AAE9CE2F88A6}.Debug|Any CPU.Build.0 = Debug|Any CPU
		{24820481-254B-4D07-A807-AAE9CE2F88A6}.Release|Any CPU.ActiveCfg = Release|Any CPU
		{24820481-254B-4D07-A807-AAE9CE2F88A6}.Release|Any CPU.Build.0 = Release|Any CPU
		{414E5A45-2654-48AD-940D-A2DB505FE695}.Debug|Any CPU.ActiveCfg = Debug|Any CPU
		{414E5A45-2654-48AD-940D-A2DB505FE695}.Debug|Any CPU.Build.0 = Debug|Any CPU
		{414E5A45-2654-48AD-940D-A2DB505FE695}.Release|Any CPU.ActiveCfg = Release|Any CPU
		{414E5A45-2654-48AD-940D-A2DB505FE695}.Release|Any CPU.Build.0 = Release|Any CPU
		{AB63782C-1174-4399-B31D-CE0D6778BF95}.Debug|Any CPU.ActiveCfg = Debug|Any CPU
		{AB63782C-1174-4399-B31D-CE0D6778BF95}.Debug|Any CPU.Build.0 = Debug|Any CPU
		{AB63782C-1174-4399-B31D-CE0D6778BF95}.Release|Any CPU.ActiveCfg = Release|Any CPU
		{AB63782C-1174-4399-B31D-CE0D6778BF95}.Release|Any CPU.Build.0 = Release|Any CPU
		{4AC6761A-5F94-41AD-A99E-9DFE3B4D04D6}.Debug|Any CPU.ActiveCfg = Debug|Any CPU
		{4AC6761A-5F94-41AD-A99E-9DFE3B4D04D6}.Debug|Any CPU.Build.0 = Debug|Any CPU
		{4AC6761A-5F94-41AD-A99E-9DFE3B4D04D6}.Release|Any CPU.ActiveCfg = Release|Any CPU
		{4AC6761A-5F94-41AD-A99E-9DFE3B4D04D6}.Release|Any CPU.Build.0 = Release|Any CPU
		{E908E5C3-C65F-459E-BCA8-882A230CD160}.Debug|Any CPU.ActiveCfg = Debug|Any CPU
		{E908E5C3-C65F-459E-BCA8-882A230CD160}.Debug|Any CPU.Build.0 = Debug|Any CPU
		{E908E5C3-C65F-459E-BCA8-882A230CD160}.Release|Any CPU.ActiveCfg = Release|Any CPU
		{E908E5C3-C65F-459E-BCA8-882A230CD160}.Release|Any CPU.Build.0 = Release|Any CPU
		{15EBE425-CE24-4AEA-AEF7-EC8E22CEE188}.Debug|Any CPU.ActiveCfg = Debug|Any CPU
		{15EBE425-CE24-4AEA-AEF7-EC8E22CEE188}.Debug|Any CPU.Build.0 = Debug|Any CPU
		{15EBE425-CE24-4AEA-AEF7-EC8E22CEE188}.Release|Any CPU.ActiveCfg = Release|Any CPU
		{15EBE425-CE24-4AEA-AEF7-EC8E22CEE188}.Release|Any CPU.Build.0 = Release|Any CPU
		{ECF73AC2-B311-4D44-B767-D53905676AA2}.Debug|Any CPU.ActiveCfg = Debug|Any CPU
		{ECF73AC2-B311-4D44-B767-D53905676AA2}.Debug|Any CPU.Build.0 = Debug|Any CPU
		{ECF73AC2-B311-4D44-B767-D53905676AA2}.Release|Any CPU.ActiveCfg = Release|Any CPU
		{ECF73AC2-B311-4D44-B767-D53905676AA2}.Release|Any CPU.Build.0 = Release|Any CPU
	EndGlobalSection
	GlobalSection(SolutionProperties) = preSolution
		HideSolutionNode = FALSE
	EndGlobalSection
	GlobalSection(NestedProjects) = preSolution
		{26F56FAD-EC08-4E94-87AA-8EFACFD4C702} = {02EA681E-C7D8-13C7-8484-4AC65E1B71E8}
		{37F48FD3-3A73-4DBB-B262-E6DA72C28A16} = {02EA681E-C7D8-13C7-8484-4AC65E1B71E8}
		{FF668D3A-CCAB-4885-AB3B-99FB91AD9E0F} = {02EA681E-C7D8-13C7-8484-4AC65E1B71E8}
		{14C13F77-3C80-42EA-A074-5BD7C43D8E17} = {3EE5F21D-6D1E-43A9-804F-E7BDD3A78CA5}
		{D7EC44C6-72AF-4C70-802F-2B0613D582FE} = {3EE5F21D-6D1E-43A9-804F-E7BDD3A78CA5}
		{743832CD-B2A9-46CC-B72F-A7244BA6667F} = {3EE5F21D-6D1E-43A9-804F-E7BDD3A78CA5}
		{CDBA5A5A-B5B2-40A0-A2B5-19CD28C4508D} = {7B4FAAA8-5109-42DF-A7B6-EAE057CD1079}
		{F1646A5D-8328-4BED-80A8-0B58A1D679CB} = {7B4FAAA8-5109-42DF-A7B6-EAE057CD1079}
		{71A0BC23-F751-4180-8C0E-2B49636F8C69} = {7B4FAAA8-5109-42DF-A7B6-EAE057CD1079}
		{2299A248-17A0-457F-B176-3423843FAE63} = {F574ACB5-A5AC-49E2-8E01-32D0378127FC}
		{75E32C47-9E0F-44B8-B9BC-DD09D23021E4} = {F574ACB5-A5AC-49E2-8E01-32D0378127FC}
		{1082B6B8-CEAE-46F0-939E-8DFC34BD8011} = {F574ACB5-A5AC-49E2-8E01-32D0378127FC}
		{6F1CC429-4BA2-4D0A-83C1-CB810CBB387F} = {AAF2FF4A-A7FE-44ED-ACDD-8B917754B5BC}
		{883E3B40-12D2-4E8D-A09E-C96B9F711FE7} = {AAF2FF4A-A7FE-44ED-ACDD-8B917754B5BC}
		{5585C8A8-E5DA-4981-85F5-E92B1C51EC7B} = {AAF2FF4A-A7FE-44ED-ACDD-8B917754B5BC}
		{1512C032-0EC6-49FF-B208-4DEA6313BC4A} = {6F7260A9-FB41-4DF1-8299-E320FA21DCD3}
		{CB813BC2-A95C-4669-A640-043D70E73434} = {6F7260A9-FB41-4DF1-8299-E320FA21DCD3}
		{24820481-254B-4D07-A807-AAE9CE2F88A6} = {6F7260A9-FB41-4DF1-8299-E320FA21DCD3}
		{414E5A45-2654-48AD-940D-A2DB505FE695} = {130428B7-2A53-45F3-BF9E-C862E6C6359B}
		{AB63782C-1174-4399-B31D-CE0D6778BF95} = {130428B7-2A53-45F3-BF9E-C862E6C6359B}
		{4AC6761A-5F94-41AD-A99E-9DFE3B4D04D6} = {130428B7-2A53-45F3-BF9E-C862E6C6359B}
		{E908E5C3-C65F-459E-BCA8-882A230CD160} = {49801A7C-950E-45E5-9BF2-FDB37DE427E5}
		{15EBE425-CE24-4AEA-AEF7-EC8E22CEE188} = {49801A7C-950E-45E5-9BF2-FDB37DE427E5}
		{ECF73AC2-B311-4D44-B767-D53905676AA2} = {49801A7C-950E-45E5-9BF2-FDB37DE427E5}
	EndGlobalSection
	GlobalSection(ExtensibilityGlobals) = postSolution
		SolutionGuid = {3EBDDC87-E178-4126-8B9A-3F74AF2D77A9}
	EndGlobalSection
EndGlobal
