
Microsoft Visual Studio Solution File, Format Version 12.00
# Visual Studio Version 17
VisualStudioVersion = 17.14.36414.22
MinimumVisualStudioVersion = 10.0.40219.1
Project("{2150E333-8FDC-42A3-9474-1A3956D46DE8}") = "Task 0", "Task 0", "{02EA681E-C7D8-13C7-8484-4AC65E1B71E8}"
EndProject
Project("{FAE04EC0-301F-11D3-BF4B-00C04F79EFBC}") = "Tyuiu.PankovaAA.Sprint6.Task0.V2.Lib", "Tyuiu.PankovaAA.Sprint6.Task0.V2.Lib\Tyuiu.PankovaAA.Sprint6.Task0.V2.Lib.csproj", "{26F56FAD-EC08-4E94-87AA-8EFACFD4C702}"
EndProject
Project("{FAE04EC0-301F-11D3-BF4B-00C04F79EFBC}") = "Tyuiu.PankovaAA.Sprint6.Task0.V2.Test", "Tyuiu.PankovaAA.Sprint6.Task0.V2.Test\Tyuiu.PankovaAA.Sprint6.Task0.V2.Test.csproj", "{37F48FD3-3A73-4DBB-B262-E6DA72C28A16}"
EndProject
Project("{FAE04EC0-301F-11D3-BF4B-00C04F79EFBC}") = "Tyuiu.PankovaAA.Sprint6.Task0.V2", "Tyuiu.PankovaAA.Sprint6.Task0.V2\Tyuiu.PankovaAA.Sprint6.Task0.V2.csproj", "{FF668D3A-CCAB-4885-AB3B-99FB91AD9E0F}"
EndProject
Project("{2150E333-8FDC-42A3-9474-1A3956D46DE8}") = "Task 1", "Task 1", "{3EE5F21D-6D1E-43A9-804F-E7BDD3A78CA5}"
EndProject
Project("{FAE04EC0-301F-11D3-BF4B-00C04F79EFBC}") = "Tyuiu.PankovaAA.Sprint6.Task1.V13.Lib", "Tyuiu.PankovaAA.Sprint6.Task1.V13.Lib\Tyuiu.PankovaAA.Sprint6.Task1.V13.Lib.csproj", "{14C13F77-3C80-42EA-A074-5BD7C43D8E17}"
EndProject
Project("{FAE04EC0-301F-11D3-BF4B-00C04F79EFBC}") = "Tyuiu.PankovaAA.Sprint6.Task1.V13.Test", "Tyuiu.PankovaAA.Sprint6.Task1.V13.Test\Tyuiu.PankovaAA.Sprint6.Task1.V13.Test.csproj", "{D7EC44C6-72AF-4C70-802F-2B0613D582FE}"
EndProject
Project("{FAE04EC0-301F-11D3-BF4B-00C04F79EFBC}") = "Tyuiu.PankovaAA.Sprint6.Task1.V13", "Tyuiu.PankovaAA.Sprint6.Task1.V13\Tyuiu.PankovaAA.Sprint6.Task1.V13.csproj", "{743832CD-B2A9-46CC-B72F-A7244BA6667F}"
EndProject
Project("{2150E333-8FDC-42A3-9474-1A3956D46DE8}") = "Task 2", "Task 2", "{7B4FAAA8-5109-42DF-A7B6-EAE057CD1079}"
EndProject
Project("{FAE04EC0-301F-11D3-BF4B-00C04F79EFBC}") = "Tyuiu.PankovaAA.Sprint6.Task2.V18.Test", "Tyuiu.PankovaAA.Sprint6.Task2.V18.Test\Tyuiu.PankovaAA.Sprint6.Task2.V18.Test.csproj", "{CDBA5A5A-B5B2-40A0-A2B5-19CD28C4508D}"
EndProject
Project("{FAE04EC0-301F-11D3-BF4B-00C04F79EFBC}") = "Tyuiu.PankovaAA.Sprint6.Task2.V18.Lib", "Tyuiu.PankovaAA.Sprint6.Task2.V18.Lib\Tyuiu.PankovaAA.Sprint6.Task2.V18.Lib.csproj", "{F1646A5D-8328-4BED-80A8-0B58A1D679CB}"
EndProject
Project("{FAE04EC0-301F-11D3-BF4B-00C04F79EFBC}") = "Tyuiu.PankovaAA.Sprint6.Task2.V18", "Tyuiu.PankovaAA.Sprint6.Task2.V18\Tyuiu.PankovaAA.Sprint6.Task2.V18.csproj", "{71A0BC23-F751-4180-8C0E-2B49636F8C69}"
EndProject
Global
	GlobalSection(SolutionConfigurationPlatforms) = preSolution
		Debug|Any CPU = Debug|Any CPU
		Release|Any CPU = Release|Any CPU
	EndGlobalSection
	GlobalSection(ProjectConfigurationPlatforms) = postSolution
		{26F56FAD-EC08-4E94-87AA-8EFACFD4C702}.Debug|Any CPU.ActiveCfg = Debug|Any CPU
		{26F56FAD-EC08-4E94-87AA-8EFACFD4C702}.Debug|Any CPU.Build.0 = Debug|Any CPU
		{26F56FAD-EC08-4E94-87AA-8EFACFD4C702}.Release|Any CPU.ActiveCfg = Release|Any CPU
		{26F56FAD-EC08-4E94-87AA-8EFACFD4C702}.Release|Any CPU.Build.0 = Release|Any CPU
		{37F48FD3-3A73-4DBB-B262-E6DA72C28A16}.Debug|Any CPU.ActiveCfg = Debug|Any CPU
		{37F48FD3-3A73-4DBB-B262-E6DA72C28A16}.Debug|Any CPU.Build.0 = Debug|Any CPU
		{37F48FD3-3A73-4DBB-B262-E6DA72C28A16}.Release|Any CPU.ActiveCfg = Release|Any CPU
		{37F48FD3-3A73-4DBB-B262-E6DA72C28A16}.Release|Any CPU.Build.0 = Release|Any CPU
		{FF668D3A-CCAB-4885-AB3B-99FB91AD9E0F}.Debug|Any CPU.ActiveCfg = Debug|Any CPU
		{FF668D3A-CCAB-4885-AB3B-99FB91AD9E0F}.Debug|Any CPU.Build.0 = Debug|Any CPU
		{FF668D3A-CCAB-4885-AB3B-99FB91AD9E0F}.Release|Any CPU.ActiveCfg = Release|Any CPU
		{FF668D3A-CCAB-4885-AB3B-99FB91AD9E0F}.Release|Any CPU.Build.0 = Release|Any CPU
		{14C13F77-3C80-42EA-A074-5BD7C43D8E17}.Debug|Any CPU.ActiveCfg = Debug|Any CPU
		{14C13F77-3C80-42EA-A074-5BD7C43D8E17}.Debug|Any CPU.Build.0 = Debug|Any CPU
		{14C13F77-3C80-42EA-A074-5BD7C43D8E17}.Release|Any CPU.ActiveCfg = Release|Any CPU
		{14C13F77-3C80-42EA-A074-5BD7C43D8E17}.Release|Any CPU.Build.0 = Release|Any CPU
		{D7EC44C6-72AF-4C70-802F-2B0613D582FE}.Debug|Any CPU.ActiveCfg = Debug|Any CPU
		{D7EC44C6-72AF-4C70-802F-2B0613D582FE}.Debug|Any CPU.Build.0 = Debug|Any CPU
		{D7EC44C6-72AF-4C70-802F-2B0613D582FE}.Release|Any CPU.ActiveCfg = Release|Any CPU
		{D7EC44C6-72AF-4C70-802F-2B0613D582FE}.Release|Any CPU.Build.0 = Release|Any CPU
		{743832CD-B2A9-46CC-B72F-A7244BA6667F}.Debug|Any CPU.ActiveCfg = Debug|Any CPU
		{743832CD-B2A9-46CC-B72F-A7244BA6667F}.Debug|Any CPU.Build.0 = Debug|Any CPU
		{743832CD-B2A9-46CC-B72F-A7244BA6667F}.Release|Any CPU.ActiveCfg = Release|Any CPU
		{743832CD-B2A9-46CC-B72F-A7244BA6667F}.Release|Any CPU.Build.0 = Release|Any CPU
		{CDBA5A5A-B5B2-40A0-A2B5-19CD28C4508D}.Debug|Any CPU.ActiveCfg = Debug|Any CPU
		{CDBA5A5A-B5B2-40A0-A2B5-19CD28C4508D}.Debug|Any CPU.Build.0 = Debug|Any CPU
		{CDBA5A5A-B5B2-40A0-A2B5-19CD28C4508D}.Release|Any CPU.ActiveCfg = Release|Any CPU
		{CDBA5A5A-B5B2-40A0-A2B5-19CD28C4508D}.Release|Any CPU.Build.0 = Release|Any CPU
		{F1646A5D-8328-4BED-80A8-0B58A1D679CB}.Debug|Any CPU.ActiveCfg = Debug|Any CPU
		{F1646A5D-8328-4BED-80A8-0B58A1D679CB}.Debug|Any CPU.Build.0 = Debug|Any CPU
		{F1646A5D-8328-4BED-80A8-0B58A1D679CB}.Release|Any CPU.ActiveCfg = Release|Any CPU
		{F1646A5D-8328-4BED-80A8-0B58A1D679CB}.Release|Any CPU.Build.0 = Release|Any CPU
		{71A0BC23-F751-4180-8C0E-2B49636F8C69}.Debug|Any CPU.ActiveCfg = Debug|Any CPU
		{71A0BC23-F751-4180-8C0E-2B49636F8C69}.Debug|Any CPU.Build.0 = Debug|Any CPU
		{71A0BC23-F751-4180-8C0E-2B49636F8C69}.Release|Any CPU.ActiveCfg = Release|Any CPU
		{71A0BC23-F751-4180-8C0E-2B49636F8C69}.Release|Any CPU.Build.0 = Release|Any CPU
	EndGlobalSection
	GlobalSection(SolutionProperties) = preSolution
		HideSolutionNode = FALSE
	EndGlobalSection
	GlobalSection(NestedProjects) = preSolution
		{26F56FAD-EC08-4E94-87AA-8EFACFD4C702} = {02EA681E-C7D8-13C7-8484-4AC65E1B71E8}
		{37F48FD3-3A73-4DBB-B262-E6DA72C28A16} = {02EA681E-C7D8-13C7-8484-4AC65E1B71E8}
		{FF668D3A-CCAB-4885-AB3B-99FB91AD9E0F} = {02EA681E-C7D8-13C7-8484-4AC65E1B71E8}
		{14C13F77-3C80-42EA-A074-5BD7C43D8E17} = {3EE5F21D-6D1E-43A9-804F-E7BDD3A78CA5}
		{D7EC44C6-72AF-4C70-802F-2B0613D582FE} = {3EE5F21D-6D1E-43A9-804F-E7BDD3A78CA5}
		{743832CD-B2A9-46CC-B72F-A7244BA6667F} = {3EE5F21D-6D1E-43A9-804F-E7BDD3A78CA5}
		{CDBA5A5A-B5B2-40A0-A2B5-19CD28C4508D} = {7B4FAAA8-5109-42DF-A7B6-EAE057CD1079}
		{F1646A5D-8328-4BED-80A8-0B58A1D679CB} = {7B4FAAA8-5109-42DF-A7B6-EAE057CD1079}
		{71A0BC23-F751-4180-8C0E-2B49636F8C69} = {7B4FAAA8-5109-42DF-A7B6-EAE057CD1079}
	EndGlobalSection
	GlobalSection(ExtensibilityGlobals) = postSolution
		SolutionGuid = {3EBDDC87-E178-4126-8B9A-3F74AF2D77A9}
	EndGlobalSection
EndGlobal
