
Microsoft Visual Studio Solution File, Format Version 12.00
# Visual Studio Version 17
VisualStudioVersion = 17.14.36414.22 d17.14
MinimumVisualStudioVersion = 10.0.40219.1
Project("{2150E333-8FDC-42A3-9474-1A3956D46DE8}") = "Task 0", "Task 0", "{02EA681E-C7D8-13C7-8484-4AC65E1B71E8}"
EndProject
Project("{FAE04EC0-301F-11D3-BF4B-00C04F79EFBC}") = "Tyuiu.PankovaAA.Sprint6.Task0.V2.Lib", "Tyuiu.PankovaAA.Sprint6.Task0.V2.Lib\Tyuiu.PankovaAA.Sprint6.Task0.V2.Lib.csproj", "{26F56FAD-EC08-4E94-87AA-8EFACFD4C702}"
EndProject
Project("{FAE04EC0-301F-11D3-BF4B-00C04F79EFBC}") = "Tyuiu.PankovaAA.Sprint6.Task0.V2.Test", "Tyuiu.PankovaAA.Sprint6.Task0.V2.Test\Tyuiu.PankovaAA.Sprint6.Task0.V2.Test.csproj", "{37F48FD3-3A73-4DBB-B262-E6DA72C28A16}"
EndProject
Project("{FAE04EC0-301F-11D3-BF4B-00C04F79EFBC}") = "Tyuiu.PankovaAA.Sprint6.Task0.V2", "Tyuiu.PankovaAA.Sprint6.Task0.V2\Tyuiu.PankovaAA.Sprint6.Task0.V2.csproj", "{FF668D3A-CCAB-4885-AB3B-99FB91AD9E0F}"
EndProject
Global
	GlobalSection(SolutionConfigurationPlatforms) = preSolution
		Debug|Any CPU = Debug|Any CPU
		Release|Any CPU = Release|Any CPU
	EndGlobalSection
	GlobalSection(ProjectConfigurationPlatforms) = postSolution
		{26F56FAD-EC08-4E94-87AA-8EFACFD4C702}.Debug|Any CPU.ActiveCfg = Debug|Any CPU
		{26F56FAD-EC08-4E94-87AA-8EFACFD4C702}.Debug|Any CPU.Build.0 = Debug|Any CPU
		{26F56FAD-EC08-4E94-87AA-8EFACFD4C702}.Release|Any CPU.ActiveCfg = Release|Any CPU
		{26F56FAD-EC08-4E94-87AA-8EFACFD4C702}.Release|Any CPU.Build.0 = Release|Any CPU
		{37F48FD3-3A73-4DBB-B262-E6DA72C28A16}.Debug|Any CPU.ActiveCfg = Debug|Any CPU
		{37F48FD3-3A73-4DBB-B262-E6DA72C28A16}.Debug|Any CPU.Build.0 = Debug|Any CPU
		{37F48FD3-3A73-4DBB-B262-E6DA72C28A16}.Release|Any CPU.ActiveCfg = Release|Any CPU
		{37F48FD3-3A73-4DBB-B262-E6DA72C28A16}.Release|Any CPU.Build.0 = Release|Any CPU
		{FF668D3A-CCAB-4885-AB3B-99FB91AD9E0F}.Debug|Any CPU.ActiveCfg = Debug|Any CPU
		{FF668D3A-CCAB-4885-AB3B-99FB91AD9E0F}.Debug|Any CPU.Build.0 = Debug|Any CPU
		{FF668D3A-CCAB-4885-AB3B-99FB91AD9E0F}.Release|Any CPU.ActiveCfg = Release|Any CPU
		{FF668D3A-CCAB-4885-AB3B-99FB91AD9E0F}.Release|Any CPU.Build.0 = Release|Any CPU
	EndGlobalSection
	GlobalSection(SolutionProperties) = preSolution
		HideSolutionNode = FALSE
	EndGlobalSection
	GlobalSection(NestedProjects) = preSolution
		{26F56FAD-EC08-4E94-87AA-8EFACFD4C702} = {02EA681E-C7D8-13C7-8484-4AC65E1B71E8}
		{37F48FD3-3A73-4DBB-B262-E6DA72C28A16} = {02EA681E-C7D8-13C7-8484-4AC65E1B71E8}
		{FF668D3A-CCAB-4885-AB3B-99FB91AD9E0F} = {02EA681E-C7D8-13C7-8484-4AC65E1B71E8}
	EndGlobalSection
	GlobalSection(ExtensibilityGlobals) = postSolution
		SolutionGuid = {3EBDDC87-E178-4126-8B9A-3F74AF2D77A9}
	EndGlobalSection
EndGlobal
